
Microsoft Visual Studio Solution File, Format Version 12.00
# Visual Studio 15
VisualStudioVersion = 15.0.28010.2003
MinimumVisualStudioVersion = 10.0.40219.1
Project("{2150E333-8FDC-42A3-9474-1A3956D46DE8}") = "API", "API", "{108A4D76-3D1A-410F-909B-D1333F372379}"
EndProject
Project("{FAE04EC0-301F-11D3-BF4B-00C04F79EFBC}") = "CustManaging.API", "CustManaging.API\CustManaging.API.csproj", "{FEFEA5E1-F250-41DF-AF12-C7872D84909C}"
EndProject
Global
	GlobalSection(SolutionConfigurationPlatforms) = preSolution
		Debug|Any CPU = Debug|Any CPU
		Release|Any CPU = Release|Any CPU
	EndGlobalSection
	GlobalSection(ProjectConfigurationPlatforms) = postSolution
		{FEFEA5E1-F250-41DF-AF12-C7872D84909C}.Debug|Any CPU.ActiveCfg = Debug|Any CPU
		{FEFEA5E1-F250-41DF-AF12-C7872D84909C}.Debug|Any CPU.Build.0 = Debug|Any CPU
		{FEFEA5E1-F250-41DF-AF12-C7872D84909C}.Release|Any CPU.ActiveCfg = Release|Any CPU
		{FEFEA5E1-F250-41DF-AF12-C7872D84909C}.Release|Any CPU.Build.0 = Release|Any CPU
	EndGlobalSection
	GlobalSection(SolutionProperties) = preSolution
		HideSolutionNode = FALSE
	EndGlobalSection
	GlobalSection(NestedProjects) = preSolution
		{FEFEA5E1-F250-41DF-AF12-C7872D84909C} = {108A4D76-3D1A-410F-909B-D1333F372379}
	EndGlobalSection
	GlobalSection(ExtensibilityGlobals) = postSolution
		SolutionGuid = {E71FC495-F34D-4895-AD94-55E8CDC92FA0}
	EndGlobalSection
EndGlobal
